
Microsoft Visual Studio Solution File, Format Version 12.00
# Visual Studio Version 16
VisualStudioVersion = 16.0.28922.388
MinimumVisualStudioVersion = 10.0.40219.1
Project("{9A19103F-16F7-4668-BE54-9A1E7A4F7556}") = "FamilyFriendlyCampsite", "FamilyFriendlyCampsite\FamilyFriendlyCampsite.csproj", "{426370BC-BED7-4D55-98E0-513F36947806}"
EndProject
Project("{9A19103F-16F7-4668-BE54-9A1E7A4F7556}") = "TestDataPopulation", "TestDataPopulation\TestDataPopulation.csproj", "{7FF37D5F-A7D5-4D6D-B637-16C45B8C7F26}"
EndProject
Global
	GlobalSection(SolutionConfigurationPlatforms) = preSolution
		Debug|Any CPU = Debug|Any CPU
		Release|Any CPU = Release|Any CPU
	EndGlobalSection
	GlobalSection(ProjectConfigurationPlatforms) = postSolution
		{426370BC-BED7-4D55-98E0-513F36947806}.Debug|Any CPU.ActiveCfg = Debug|Any CPU
		{426370BC-BED7-4D55-98E0-513F36947806}.Debug|Any CPU.Build.0 = Debug|Any CPU
		{426370BC-BED7-4D55-98E0-513F36947806}.Release|Any CPU.ActiveCfg = Release|Any CPU
		{426370BC-BED7-4D55-98E0-513F36947806}.Release|Any CPU.Build.0 = Release|Any CPU
		{7FF37D5F-A7D5-4D6D-B637-16C45B8C7F26}.Debug|Any CPU.ActiveCfg = Debug|Any CPU
		{7FF37D5F-A7D5-4D6D-B637-16C45B8C7F26}.Debug|Any CPU.Build.0 = Debug|Any CPU
		{7FF37D5F-A7D5-4D6D-B637-16C45B8C7F26}.Release|Any CPU.ActiveCfg = Release|Any CPU
		{7FF37D5F-A7D5-4D6D-B637-16C45B8C7F26}.Release|Any CPU.Build.0 = Release|Any CPU
	EndGlobalSection
	GlobalSection(SolutionProperties) = preSolution
		HideSolutionNode = FALSE
	EndGlobalSection
	GlobalSection(ExtensibilityGlobals) = postSolution
		SolutionGuid = {BD498BEE-07E7-4E59-9BFA-612A8DF13C8B}
	EndGlobalSection
EndGlobal
